
Microsoft Visual Studio Solution File, Format Version 12.00
# Visual Studio Version 17
VisualStudioVersion = 17.0.31912.275
MinimumVisualStudioVersion = 10.0.40219.1
Project("{FAE04EC0-301F-11D3-BF4B-00C04F79EFBC}") = "module5", "module5\module5.csproj", "{38D775B4-6B5C-44FD-B869-B3A78468E639}"
EndProject
Global
	GlobalSection(SolutionConfigurationPlatforms) = preSolution
		Debug|Any CPU = Debug|Any CPU
		Release|Any CPU = Release|Any CPU
	EndGlobalSection
	GlobalSection(ProjectConfigurationPlatforms) = postSolution
		{38D775B4-6B5C-44FD-B869-B3A78468E639}.Debug|Any CPU.ActiveCfg = Debug|Any CPU
		{38D775B4-6B5C-44FD-B869-B3A78468E639}.Debug|Any CPU.Build.0 = Debug|Any CPU
		{38D775B4-6B5C-44FD-B869-B3A78468E639}.Release|Any CPU.ActiveCfg = Release|Any CPU
		{38D775B4-6B5C-44FD-B869-B3A78468E639}.Release|Any CPU.Build.0 = Release|Any CPU
	EndGlobalSection
	GlobalSection(SolutionProperties) = preSolution
		HideSolutionNode = FALSE
	EndGlobalSection
	GlobalSection(ExtensibilityGlobals) = postSolution
		SolutionGuid = {E4366449-7298-45CA-A36F-AB5DD9814842}
	EndGlobalSection
EndGlobal
